{
  "name": "govwifi-tech-docs",
  "version": "1.0.0",
  "lockfileVersion": 3,
  "requires": true,
  "packages": {
    "": {
      "name": "govwifi-tech-docs",
      "version": "1.0.0",
      "hasInstallScript": true,
      "license": "MIT",
      "dependencies": {
        "govuk-frontend": "^5.12.0",
        "govwifi-shared-frontend": "https://github.com/GovWifi/govwifi-shared-frontend/releases/download/v0.6.13/govwifi-shared-frontend-0.6.13.tgz"
      }
    },
    "node_modules/govuk-frontend": {
      "version": "5.12.0",
      "resolved": "https://registry.npmjs.org/govuk-frontend/-/govuk-frontend-5.12.0.tgz",
      "integrity": "sha512-gNr/UVDoORVOqVKTC9i9HOKKPeM4IDTAqtnd3t6U8LQibEr+8Q+FB7Id0u/MfR/5mqPfenG/+VGLW96vJXok/g==",
      "license": "MIT",
      "engines": {
        "node": ">= 4.2.0"
      }
    },
    "node_modules/govwifi-shared-frontend": {
      "version": "0.6.13",
      "resolved": "https://github.com/GovWifi/govwifi-shared-frontend/releases/download/v0.6.13/govwifi-shared-frontend-0.6.13.tgz",
      "integrity": "sha512-PWZGe+Gq/+za1N69lAy6Z6s0MbwwB2657vTeZ8nLcz2sj38RD/d0MndrkTNf5qSYAEkzJvb/+hi9AjKN24PvSA==",
      "license": "MIT",
      "dependencies": {
        "js-cookie": "^3.0.5"
      },
      "engines": {
        "node": ">=18.17.0",
        "npm": ">=9.6.7"
      }
    },
    "node_modules/js-cookie": {
      "version": "3.0.5",
      "resolved": "https://registry.npmjs.org/js-cookie/-/js-cookie-3.0.5.tgz",
      "integrity": "sha512-cEiJEAEoIbWfCZYKWhVwFuvPX1gETRYPw6LlaTKoxD3s2AkXzkCjnp6h0V77ozyqj0jakteJ4YqDJT830+lVGw==",
      "engines": {
        "node": ">=14"
      }
    }
  }
}
