{
  "name": "govwifi-tech-docs",
  "version": "1.0.0",
  "lockfileVersion": 3,
  "requires": true,
  "packages": {
    "": {
      "name": "govwifi-tech-docs",
      "version": "1.0.0",
      "hasInstallScript": true,
      "license": "MIT",
      "dependencies": {
        "govuk-frontend": "^6.2.0",
        "govwifi-shared-frontend": "https://github.com/GovWifi/govwifi-shared-frontend/releases/download/v0.6.26/govwifi-shared-frontend-0.6.26.tgz"
      }
    },
    "node_modules/govuk-frontend": {
      "version": "6.2.0",
      "resolved": "https://registry.npmjs.org/govuk-frontend/-/govuk-frontend-6.2.0.tgz",
      "integrity": "sha512-PCRyQT+7kiV2dUz0Ku6Co+Nx4anOwJ7mAduXYbTQHK2krppBSynv9dBXtOYha/8j+LIzK7FqesTbJl9HD6ekHg==",
      "license": "MIT",
      "engines": {
        "node": ">= 4.2.0"
      }
    },
    "node_modules/govwifi-shared-frontend": {
      "version": "0.6.26",
      "resolved": "https://github.com/GovWifi/govwifi-shared-frontend/releases/download/v0.6.26/govwifi-shared-frontend-0.6.26.tgz",
      "integrity": "sha512-2WpN51fhm65L0EKnlwr3LH8V1U8G3jmJeC9NEV7mR4KrWLTNdcnYdCm/t+tRY+yWlIFQEgKynOLhipztIOCCFQ==",
      "license": "MIT",
      "dependencies": {
        "js-cookie": "^3.0.8"
      },
      "engines": {
        "node": ">=18.17.0",
        "npm": ">=9.6.7"
      }
    },
    "node_modules/js-cookie": {
      "version": "3.0.8",
      "resolved": "https://registry.npmjs.org/js-cookie/-/js-cookie-3.0.8.tgz",
      "integrity": "sha512-yeJd4aNAdYZQjaon2bpD/Gb0B/omw7HQOsynXXcOiWVCacbBcPlgn8S/d1X6blFSaHao7ozqtW7NZW19xpCtIw==",
      "license": "MIT"
    }
  }
}
