{
  "name": "govwifi-tech-docs",
  "version": "1.0.0",
  "lockfileVersion": 3,
  "requires": true,
  "packages": {
    "": {
      "name": "govwifi-tech-docs",
      "version": "1.0.0",
      "hasInstallScript": true,
      "license": "MIT",
      "dependencies": {
        "govuk-frontend": "^6.5.1",
        "govwifi-shared-frontend": "https://github.com/GovWifi/govwifi-shared-frontend/releases/download/v0.6.28/govwifi-shared-frontend-0.6.28.tgz"
      }
    },
    "node_modules/govuk-frontend": {
      "version": "6.5.1",
      "resolved": "https://registry.npmjs.org/govuk-frontend/-/govuk-frontend-6.5.1.tgz",
      "integrity": "sha512-myC7pDU9d7NqHa/oiDKe7k/ojCPMY4LjHpJkDncgQ3MgWeGUkySpz/gfdjRVvGaER6GNoi0kDGSgSXMa1he0xg==",
      "license": "MIT",
      "engines": {
        "node": ">= 4.2.0"
      }
    },
    "node_modules/govwifi-shared-frontend": {
      "version": "0.6.28",
      "resolved": "https://github.com/GovWifi/govwifi-shared-frontend/releases/download/v0.6.28/govwifi-shared-frontend-0.6.28.tgz",
      "integrity": "sha512-fIi/PdxCcrG1fpNrBfA30eRxUE0wZO1VzTSO1kaPv3Y5bPYzCiLwP/F7VlrHQG5ezn9Pyh4ycESamCq8G/+QSw==",
      "license": "MIT",
      "dependencies": {
        "js-cookie": "^3.0.8"
      },
      "engines": {
        "node": ">=18.17.0",
        "npm": ">=9.6.7"
      }
    },
    "node_modules/js-cookie": {
      "version": "3.0.8",
      "resolved": "https://registry.npmjs.org/js-cookie/-/js-cookie-3.0.8.tgz",
      "integrity": "sha512-yeJd4aNAdYZQjaon2bpD/Gb0B/omw7HQOsynXXcOiWVCacbBcPlgn8S/d1X6blFSaHao7ozqtW7NZW19xpCtIw==",
      "license": "MIT"
    }
  }
}
